
Microsoft Visual Studio Solution File, Format Version 12.00
# Visual Studio Version 16
VisualStudioVersion = 25.0.1705.3
MinimumVisualStudioVersion = 10.0.40219.1
Project("{FAE04EC0-301F-11D3-BF4B-00C04F79EFBC}") = "practice_1_20230411", "practice_1_20230411\practice_1_20230411.csproj", "{8475DA85-BADA-4668-9603-F76E2022E8E2}"
EndProject
Project("{2150E333-8FDC-42A3-9474-1A3956D46DE8}") = "practice_1", "practice_1", "{036285E9-B2C5-451D-9189-F362D36E6F85}"
EndProject
Project("{FAE04EC0-301F-11D3-BF4B-00C04F79EFBC}") = "Practice_1_2", "Practice_1_2\Practice_1_2.csproj", "{49D82669-48BB-48C4-A44D-359A20058239}"
EndProject
Global
	GlobalSection(SolutionConfigurationPlatforms) = preSolution
		Debug|Any CPU = Debug|Any CPU
		Release|Any CPU = Release|Any CPU
	EndGlobalSection
	GlobalSection(ProjectConfigurationPlatforms) = postSolution
		{8475DA85-BADA-4668-9603-F76E2022E8E2}.Debug|Any CPU.ActiveCfg = Debug|Any CPU
		{8475DA85-BADA-4668-9603-F76E2022E8E2}.Debug|Any CPU.Build.0 = Debug|Any CPU
		{8475DA85-BADA-4668-9603-F76E2022E8E2}.Release|Any CPU.ActiveCfg = Release|Any CPU
		{8475DA85-BADA-4668-9603-F76E2022E8E2}.Release|Any CPU.Build.0 = Release|Any CPU
		{49D82669-48BB-48C4-A44D-359A20058239}.Debug|Any CPU.ActiveCfg = Debug|Any CPU
		{49D82669-48BB-48C4-A44D-359A20058239}.Debug|Any CPU.Build.0 = Debug|Any CPU
		{49D82669-48BB-48C4-A44D-359A20058239}.Release|Any CPU.ActiveCfg = Release|Any CPU
		{49D82669-48BB-48C4-A44D-359A20058239}.Release|Any CPU.Build.0 = Release|Any CPU
	EndGlobalSection
	GlobalSection(SolutionProperties) = preSolution
		HideSolutionNode = FALSE
	EndGlobalSection
	GlobalSection(ExtensibilityGlobals) = postSolution
		SolutionGuid = {E3BD32CC-3EBC-4933-8E7F-19CB2B3B60CA}
	EndGlobalSection
EndGlobal
